github.com/approvals/go-approval-tests v1.11.0 h1:JV4fhYRCsBYPx1qoAJElxPu8AolSNyy8x3vzALPtj8E=
github.com/approvals/go-approval-tests v1.11.0/go.mod h1:3HKg6haD0Wg6p1SiA8/xHWg/xu4qnsB73ocJoo6zNy8=
github.com/yuin/goldmark v1.8.2 h1:kEGpgqJXdgbkhcOgBxkC0X0PmoPG1ZyoZ117rDVp4zE=
github.com/yuin/goldmark v1.8.2/go.mod h1:ip/1k0VRfGynBgxOz0yCqHrbZXhcjxyuS66Brc7iBKg=
